
Microsoft Visual Studio Solution File, Format Version 12.00
# Visual Studio 15
VisualStudioVersion = 15.0.27428.2015
MinimumVisualStudioVersion = 10.0.40219.1
Project("{FAE04EC0-301F-11D3-BF4B-00C04F79EFBC}") = "Lab2_CS_2", "Lab2_CS_2\Lab2_CS_2.csproj", "{65413ABA-C5C3-4B90-9294-0DAA1F4F0633}"
EndProject
Global
	GlobalSection(SolutionConfigurationPlatforms) = preSolution
		Debug|Any CPU = Debug|Any CPU
		Release|Any CPU = Release|Any CPU
	EndGlobalSection
	GlobalSection(ProjectConfigurationPlatforms) = postSolution
		{65413ABA-C5C3-4B90-9294-0DAA1F4F0633}.Debug|Any CPU.ActiveCfg = Debug|Any CPU
		{65413ABA-C5C3-4B90-9294-0DAA1F4F0633}.Debug|Any CPU.Build.0 = Debug|Any CPU
		{65413ABA-C5C3-4B90-9294-0DAA1F4F0633}.Release|Any CPU.ActiveCfg = Release|Any CPU
		{65413ABA-C5C3-4B90-9294-0DAA1F4F0633}.Release|Any CPU.Build.0 = Release|Any CPU
	EndGlobalSection
	GlobalSection(SolutionProperties) = preSolution
		HideSolutionNode = FALSE
	EndGlobalSection
	GlobalSection(ExtensibilityGlobals) = postSolution
		SolutionGuid = {03C3B8EA-114F-4F45-A310-69640C4DF607}
	EndGlobalSection
EndGlobal
